{
  "name": "10-OTHER",
  "lockfileVersion": 3,
  "requires": true,
  "packages": {
    "": {
      "dependencies": {
        "pubsub-js": "^1.9.5"
      }
    },
    "node_modules/pubsub-js": {
      "version": "1.9.5",
      "resolved": "https://registry.npmjs.org/pubsub-js/-/pubsub-js-1.9.5.tgz",
      "integrity": "sha512-5MZ0I9i5JWVO7SizvOviKvZU2qaBbl2KQX150FAA+fJBwYpwOUId7aNygURWSdPzlsA/xZ/InUKXqBbzM0czTA==",
      "license": "MIT"
    }
  }
}
